github.com/lmittmann/tint v1.1.1 h1:xmmGuinUsCSxWdwH1OqMUQ4tzQsq3BdjJLAAmVKJ9Dw=
github.com/lmittmann/tint v1.1.1/go.mod h1:HIS3gSy7qNwGCj+5oRjAutErFBl4BzdQP6cJZ0NfMwE=
github.com/zhangpeihao/goamf v0.0.0-20140409082417-3ff2c19514a8 h1:r1JUI0wuHlgRb8jNd3zPBBkjUdrjpVKr8SdJWc8ntg8=
github.com/zhangpeihao/goamf v0.0.0-20140409082417-3ff2c19514a8/go.mod h1:RZd/IqzNpFANwOB9rVmsnAYpo/6KesK4PqrN1a5cRgg=
